<?xml version="1.0" encoding="utf-8"?>
<Project ToolsVersion="4.0" xmlns="http://schemas.microsoft.com/developer/msbuild/2003">
  <ItemGroup>
    <ClCompile Include="Main.cpp" />
    <ClCompile Include="MainGame.cpp" />
    <ClCompile Include="stdafx.cpp" />
    <ClCompile Include="Materials\ColorMaterial.cpp" />
    <ClCompile Include="Prefabs\SpherePrefab.cpp" />
    <ClCompile Include="Prefabs\TorusPrefab.cpp" />
    <ClCompile Include="Prefabs\CubePrefab.cpp" />
    <ClCompile Include="Scenes\MainMenuScene.cpp" />
    <ClCompile Include="Materials\DiffuseMaterial.cpp" />
    <ClCompile Include="Materials\UberMaterial.cpp" />
    <ClCompile Include="Materials\SpikyMaterial.cpp" />
    <ClCompile Include="Prefabs\BoneObject.cpp" />
    <ClCompile Include="Materials\DiffuseMaterial_Skinned.cpp" />
    <ClCompile Include="Prefabs\Character.cpp" />
    <ClCompile Include="Prefabs\ButtonPrefab.cpp" />
    <ClCompile Include="Scenes\MapScene.cpp" />
    <ClCompile Include="Prefabs\BuildingPrefab.cpp" />
    <ClCompile Include="MapPrefab.cpp" />
  </ItemGroup>
  <ItemGroup>
    <ClInclude Include="MainGame.h" />
    <ClInclude Include="stdafx.h" />
    <ClInclude Include="Materials\ColorMaterial.h" />
    <ClInclude Include="Prefabs\SpherePrefab.h" />
    <ClInclude Include="Prefabs\TorusPrefab.h" />
    <ClInclude Include="Prefabs\CubePrefab.h" />
    <ClInclude Include="Scenes\MainMenuScene.h" />
    <ClInclude Include="Materials\DiffuseMaterial.h" />
    <ClInclude Include="Materials\UberMaterial.h" />
    <ClInclude Include="Materials\SpikyMaterial.h" />
    <ClInclude Include="Prefabs\BoneObject.h" />
    <ClInclude Include="Materials\DiffuseMaterial_Skinned.h" />
    <ClInclude Include="Prefabs\Character.h" />
    <ClInclude Include="Prefabs\ButtonPrefab.h" />
    <ClInclude Include="Scenes\MapScene.h" />
    <ClInclude Include="Prefabs\BuildingPrefab.h" />
    <ClInclude Include="resource.h" />
    <ClInclude Include="MapPrefab.h" />
  </ItemGroup>
  <ItemGroup>
    <ResourceCompile Include="OverlordProject.rc" />
  </ItemGroup>
  <ItemGroup>
    <Image Include="C:\Users\Lee Vangraefschepe\Downloads\UnturnedLogo.png" />
    <Image Include="icon1.ico" />
    <Image Include="C:\Users\Lee Vangraefschepe\Downloads\UnturnedLogo.ico" />
  </ItemGroup>
</Project>