<?xml version="1.0" encoding="utf-8"?>
<Project ToolsVersion="4.0" xmlns="http://schemas.microsoft.com/developer/msbuild/2003">
  <ItemGroup>
    <ClCompile Include="Main.cpp" />
    <ClCompile Include="MainGame.cpp" />
    <ClCompile Include="stdafx.cpp" />
    <ClCompile Include="Materials\ColorMaterial.cpp" />
    <ClCompile Include="Prefabs\Overlord\SpherePrefab.cpp" />
    <ClCompile Include="Prefabs\Overlord\TorusPrefab.cpp" />
    <ClCompile Include="Prefabs\Overlord\CubePrefab.cpp" />
    <ClCompile Include="Scenes\MainMenuScene.cpp" />
    <ClCompile Include="Materials\DiffuseMaterial.cpp" />
    <ClCompile Include="Materials\UberMaterial.cpp" />
    <ClCompile Include="Materials\SpikyMaterial.cpp" />
    <ClCompile Include="Prefabs\Overlord\BoneObject.cpp" />
    <ClCompile Include="Materials\DiffuseMaterial_Skinned.cpp" />
    <ClCompile Include="Prefabs\Character.cpp" />
    <ClCompile Include="Prefabs\UI\ButtonPrefab.cpp" />
    <ClCompile Include="Scenes\MapScene.cpp" />
    <ClCompile Include="Prefabs\Map\BuildingPrefab.cpp" />
    <ClCompile Include="Prefabs\Map\MapPrefab.cpp" />
    <ClCompile Include="Materials\Shadow\DiffuseMaterial_Shadow.cpp" />
    <ClCompile Include="Materials\Shadow\DiffuseMaterial_Shadow_Skinned.cpp" />
    <ClCompile Include="Parser\WorldParser.cpp" />
    <ClCompile Include="Components\Item\GroundItem.cpp" />
    <ClCompile Include="Components\Player\ItemPicker.cpp" />
  </ItemGroup>
  <ItemGroup>
    <ClInclude Include="MainGame.h" />
    <ClInclude Include="stdafx.h" />
    <ClInclude Include="Materials\ColorMaterial.h" />
    <ClInclude Include="Prefabs\Overlord\SpherePrefab.h" />
    <ClInclude Include="Prefabs\Overlord\TorusPrefab.h" />
    <ClInclude Include="Prefabs\Overlord\CubePrefab.h" />
    <ClInclude Include="Scenes\MainMenuScene.h" />
    <ClInclude Include="Materials\DiffuseMaterial.h" />
    <ClInclude Include="Materials\UberMaterial.h" />
    <ClInclude Include="Materials\SpikyMaterial.h" />
    <ClInclude Include="Prefabs\Overlord\BoneObject.h" />
    <ClInclude Include="Materials\DiffuseMaterial_Skinned.h" />
    <ClInclude Include="Prefabs\Character.h" />
    <ClInclude Include="Prefabs\UI\ButtonPrefab.h" />
    <ClInclude Include="Scenes\MapScene.h" />
    <ClInclude Include="Prefabs\Map\BuildingPrefab.h" />
    <ClInclude Include="resource.h" />
    <ClInclude Include="Prefabs\Map\MapPrefab.h" />
    <ClInclude Include="Materials\Shadow\DiffuseMaterial_Shadow.h" />
    <ClInclude Include="Materials\Shadow\DiffuseMaterial_Shadow_Skinned.h" />
    <ClInclude Include="Parser\WorldParser.h" />
    <ClInclude Include="Components\Item\GroundItem.h" />
    <ClInclude Include="Components\Player\ItemPicker.h" />
    <ClInclude Include="Items.h" />
  </ItemGroup>
  <ItemGroup>
    <ResourceCompile Include="OverlordProject.rc" />
  </ItemGroup>
  <ItemGroup>
    <Image Include="C:\Users\Lee Vangraefschepe\Downloads\UnturnedLogo.png" />
    <Image Include="icon1.ico" />
    <Image Include="C:\Users\Lee Vangraefschepe\Downloads\UnturnedLogo.ico" />
  </ItemGroup>
</Project>